{
  "name": "helloweb-ex01",
  "version": "1.0.0",
  "lockfileVersion": 2,
  "requires": true,
  "packages": {
    "": {
      "name": "helloweb-ex01",
      "version": "1.0.0",
      "license": "ISC",
      "dependencies": {
        "connect-route": "^0.1.5"
      }
    },
    "node_modules/connect-route": {
      "version": "0.1.5",
      "resolved": "https://registry.npmjs.org/connect-route/-/connect-route-0.1.5.tgz",
      "integrity": "sha1-48IYMZ0uiKiprgsOD+Cacpw5dEo=",
      "engines": {
        "node": ">= 0.4.0"
      }
    }
  },
  "dependencies": {
    "connect-route": {
      "version": "0.1.5",
      "resolved": "https://registry.npmjs.org/connect-route/-/connect-route-0.1.5.tgz",
      "integrity": "sha1-48IYMZ0uiKiprgsOD+Cacpw5dEo="
    }
  }
}
